
Microsoft Visual Studio Solution File, Format Version 12.00
# Visual Studio Version 16
VisualStudioVersion = 16.0.29728.190
MinimumVisualStudioVersion = 10.0.40219.1
Project("{9A19103F-16F7-4668-BE54-9A1E7A4F7556}") = "Agents.Net.Designer", "Agents.Net.Designer\Agents.Net.Designer.csproj", "{8E451ED1-4C99-47C3-B965-316A0B81E0F8}"
EndProject
Project("{2150E333-8FDC-42A3-9474-1A3956D46DE8}") = "Solution Items", "Solution Items", "{0ADB5885-A624-4360-A9A9-2413AD4DBA23}"
	ProjectSection(SolutionItems) = preProject
		.editorconfig = .editorconfig
	EndProjectSection
EndProject
Project("{9A19103F-16F7-4668-BE54-9A1E7A4F7556}") = "Agents.Net.Designer.ViewModel", "Agents.Net.Designer.ViewModel\Agents.Net.Designer.ViewModel.csproj", "{B4546C2A-B406-46D4-AA67-EDC8E96E3038}"
EndProject
Project("{9A19103F-16F7-4668-BE54-9A1E7A4F7556}") = "Agents.Net.Designer.CodeGenerator", "Agents.Net.Designer.CodeGenerator\Agents.Net.Designer.CodeGenerator.csproj", "{C91F5982-0F94-443D-8E39-DD37CEAFF244}"
EndProject
Project("{9A19103F-16F7-4668-BE54-9A1E7A4F7556}") = "Agents.Net.Designer.Serialization", "Agents.Net.Designer.Serialization\Agents.Net.Designer.Serialization.csproj", "{A5FE20AD-5525-42ED-971B-CC91F38F262E}"
EndProject
Project("{9A19103F-16F7-4668-BE54-9A1E7A4F7556}") = "Agents.Net.Designer.Model", "Agents.Net.Designer.Model\Agents.Net.Designer.Model.csproj", "{6482C014-D518-4562-9966-8BA5BD0D3D66}"
EndProject
Project("{9A19103F-16F7-4668-BE54-9A1E7A4F7556}") = "Agents.Net.Designer.WpfView", "Agents.Net.Designer.WpfView\Agents.Net.Designer.WpfView.csproj", "{53D91597-946E-4866-AB9C-AE6456D3F3E2}"
EndProject
Project("{FAE04EC0-301F-11D3-BF4B-00C04F79EFBC}") = "Agents.Net.Designer.Tests", "Agents.Net.Designer.Tests\Agents.Net.Designer.Tests.csproj", "{C5D46FBB-DCB9-44ED-A78B-D6309AE9A680}"
EndProject
Project("{FAE04EC0-301F-11D3-BF4B-00C04F79EFBC}") = "Agents.Net.Designer.FileSystem", "Agents.Net.Designer.FileSystem\Agents.Net.Designer.FileSystem.csproj", "{AD2FDF1D-C298-475A-83A2-91EB0152C1B9}"
EndProject
Global
	GlobalSection(SolutionConfigurationPlatforms) = preSolution
		Debug|Any CPU = Debug|Any CPU
		Release|Any CPU = Release|Any CPU
	EndGlobalSection
	GlobalSection(ProjectConfigurationPlatforms) = postSolution
		{8E451ED1-4C99-47C3-B965-316A0B81E0F8}.Debug|Any CPU.ActiveCfg = Debug|Any CPU
		{8E451ED1-4C99-47C3-B965-316A0B81E0F8}.Debug|Any CPU.Build.0 = Debug|Any CPU
		{8E451ED1-4C99-47C3-B965-316A0B81E0F8}.Release|Any CPU.ActiveCfg = Release|Any CPU
		{8E451ED1-4C99-47C3-B965-316A0B81E0F8}.Release|Any CPU.Build.0 = Release|Any CPU
		{B4546C2A-B406-46D4-AA67-EDC8E96E3038}.Debug|Any CPU.ActiveCfg = Debug|Any CPU
		{B4546C2A-B406-46D4-AA67-EDC8E96E3038}.Debug|Any CPU.Build.0 = Debug|Any CPU
		{B4546C2A-B406-46D4-AA67-EDC8E96E3038}.Release|Any CPU.ActiveCfg = Release|Any CPU
		{B4546C2A-B406-46D4-AA67-EDC8E96E3038}.Release|Any CPU.Build.0 = Release|Any CPU
		{C91F5982-0F94-443D-8E39-DD37CEAFF244}.Debug|Any CPU.ActiveCfg = Debug|Any CPU
		{C91F5982-0F94-443D-8E39-DD37CEAFF244}.Debug|Any CPU.Build.0 = Debug|Any CPU
		{C91F5982-0F94-443D-8E39-DD37CEAFF244}.Release|Any CPU.ActiveCfg = Release|Any CPU
		{C91F5982-0F94-443D-8E39-DD37CEAFF244}.Release|Any CPU.Build.0 = Release|Any CPU
		{A5FE20AD-5525-42ED-971B-CC91F38F262E}.Debug|Any CPU.ActiveCfg = Debug|Any CPU
		{A5FE20AD-5525-42ED-971B-CC91F38F262E}.Debug|Any CPU.Build.0 = Debug|Any CPU
		{A5FE20AD-5525-42ED-971B-CC91F38F262E}.Release|Any CPU.ActiveCfg = Release|Any CPU
		{A5FE20AD-5525-42ED-971B-CC91F38F262E}.Release|Any CPU.Build.0 = Release|Any CPU
		{6482C014-D518-4562-9966-8BA5BD0D3D66}.Debug|Any CPU.ActiveCfg = Debug|Any CPU
		{6482C014-D518-4562-9966-8BA5BD0D3D66}.Debug|Any CPU.Build.0 = Debug|Any CPU
		{6482C014-D518-4562-9966-8BA5BD0D3D66}.Release|Any CPU.ActiveCfg = Release|Any CPU
		{6482C014-D518-4562-9966-8BA5BD0D3D66}.Release|Any CPU.Build.0 = Release|Any CPU
		{53D91597-946E-4866-AB9C-AE6456D3F3E2}.Debug|Any CPU.ActiveCfg = Debug|Any CPU
		{53D91597-946E-4866-AB9C-AE6456D3F3E2}.Debug|Any CPU.Build.0 = Debug|Any CPU
		{53D91597-946E-4866-AB9C-AE6456D3F3E2}.Release|Any CPU.ActiveCfg = Release|Any CPU
		{53D91597-946E-4866-AB9C-AE6456D3F3E2}.Release|Any CPU.Build.0 = Release|Any CPU
		{C5D46FBB-DCB9-44ED-A78B-D6309AE9A680}.Debug|Any CPU.ActiveCfg = Debug|Any CPU
		{C5D46FBB-DCB9-44ED-A78B-D6309AE9A680}.Debug|Any CPU.Build.0 = Debug|Any CPU
		{C5D46FBB-DCB9-44ED-A78B-D6309AE9A680}.Release|Any CPU.ActiveCfg = Release|Any CPU
		{C5D46FBB-DCB9-44ED-A78B-D6309AE9A680}.Release|Any CPU.Build.0 = Release|Any CPU
		{AD2FDF1D-C298-475A-83A2-91EB0152C1B9}.Debug|Any CPU.ActiveCfg = Debug|Any CPU
		{AD2FDF1D-C298-475A-83A2-91EB0152C1B9}.Debug|Any CPU.Build.0 = Debug|Any CPU
		{AD2FDF1D-C298-475A-83A2-91EB0152C1B9}.Release|Any CPU.ActiveCfg = Release|Any CPU
		{AD2FDF1D-C298-475A-83A2-91EB0152C1B9}.Release|Any CPU.Build.0 = Release|Any CPU
	EndGlobalSection
	GlobalSection(SolutionProperties) = preSolution
		HideSolutionNode = FALSE
	EndGlobalSection
	GlobalSection(ExtensibilityGlobals) = postSolution
		SolutionGuid = {8A9BE10A-68B4-44B1-B616-9D2888BF01FD}
	EndGlobalSection
EndGlobal
